
Microsoft Visual Studio Solution File, Format Version 12.00
# Visual Studio Version 17
VisualStudioVersion = 17.14.36414.22 d17.14
MinimumVisualStudioVersion = 10.0.40219.1
Project("{2150E333-8FDC-42A3-9474-1A3956D46DE8}") = "Task0", "Task0", "{02EA681E-C7D8-13C7-8484-4AC65E1B71E8}"
EndProject
Project("{FAE04EC0-301F-11D3-BF4B-00C04F79EFBC}") = "Tyuiu.KomkovAA.Sprint4.Task0.V30", "Tyuiu.KomkovAA.Sprint4.Task0.V30\Tyuiu.KomkovAA.Sprint4.Task0.V30.csproj", "{E307DFA0-8DA5-4AD2-AD1D-3C78FFC148B3}"
EndProject
Project("{FAE04EC0-301F-11D3-BF4B-00C04F79EFBC}") = "Tyuiu.KomkovAA.Sprint4.Task0.V30.Lib", "Tyuiu.KomkovAA.Sprint4.Task0.V30.Lib\Tyuiu.KomkovAA.Sprint4.Task0.V30.Lib.csproj", "{3938525F-1BDD-4086-930F-9DEBD4FC810F}"
EndProject
Project("{FAE04EC0-301F-11D3-BF4B-00C04F79EFBC}") = "Tyuiu.KomkovAA.Sprint4.Task0.V30.Test", "Tyuiu.KomkovAA.Sprint4.Task0.V30.Test\Tyuiu.KomkovAA.Sprint4.Task0.V30.Test.csproj", "{913CAF14-6A60-4D08-8E3F-7175A62B45C8}"
EndProject
Project("{2150E333-8FDC-42A3-9474-1A3956D46DE8}") = "Task1", "Task1", "{A778C470-893B-48C8-B974-75A69995F772}"
EndProject
Project("{FAE04EC0-301F-11D3-BF4B-00C04F79EFBC}") = "Tyuiu.KomkovAA.Sprint4.Task1.V19", "Tyuiu.KomkovAA.Sprint4.Task1.V19\Tyuiu.KomkovAA.Sprint4.Task1.V19.csproj", "{BB935CA3-FE95-4590-96CA-D8DB6A5DFD3E}"
EndProject
Project("{FAE04EC0-301F-11D3-BF4B-00C04F79EFBC}") = "Tyuiu.KomkovAA.Sprint4.Task1.V19.Lib", "Tyuiu.KomkovAA.Sprint4.Task1.V19.Lib\Tyuiu.KomkovAA.Sprint4.Task1.V19.Lib.csproj", "{CD28A037-81BF-4D7A-954E-2FB6151CAF17}"
EndProject
Project("{FAE04EC0-301F-11D3-BF4B-00C04F79EFBC}") = "Tyuiu.KomkovAA.Sprint4.Task1.V19.Test", "Tyuiu.KomkovAA.Sprint4.Task1.V19.Test\Tyuiu.KomkovAA.Sprint4.Task1.V19.Test.csproj", "{FF8F8F84-5C31-4EBF-A546-F5C16B09BD49}"
EndProject
Project("{2150E333-8FDC-42A3-9474-1A3956D46DE8}") = "Task2", "Task2", "{F49A00D2-9DC0-4401-B2A7-D8CDC040E9C1}"
EndProject
Project("{FAE04EC0-301F-11D3-BF4B-00C04F79EFBC}") = "Tyuiu.KomkovAA.Sprint4.Task2.V2", "Tyuiu.KomkovAA.Sprint4.Task2.V2\Tyuiu.KomkovAA.Sprint4.Task2.V2.csproj", "{C817326F-F3D0-42C0-B688-0970019C94C1}"
EndProject
Project("{FAE04EC0-301F-11D3-BF4B-00C04F79EFBC}") = "Tyuiu.KomkovAA.Sprint4.Task2.V2.Lib", "Tyuiu.KomkovAA.Sprint4.Task2.V2.Lib\Tyuiu.KomkovAA.Sprint4.Task2.V2.Lib.csproj", "{E97785E3-D464-409B-BFA3-7DBF3D979671}"
EndProject
Project("{FAE04EC0-301F-11D3-BF4B-00C04F79EFBC}") = "Tyuiu.KomkovAA.Sprint4.Task2.V2.Test", "Tyuiu.KomkovAA.Sprint4.Task2.V2.Test\Tyuiu.KomkovAA.Sprint4.Task2.V2.Test.csproj", "{FFFF1655-1A9F-4210-A088-EF1FDF591B4B}"
EndProject
Project("{2150E333-8FDC-42A3-9474-1A3956D46DE8}") = "Task3", "Task3", "{61D528BD-9345-4385-8ECF-9D9896B0411B}"
EndProject
Project("{FAE04EC0-301F-11D3-BF4B-00C04F79EFBC}") = "Tyuiu.KomkovAA.Sprint4.Task3.V23", "Tyuiu.KomkovAA.Sprint4.Task3.V23\Tyuiu.KomkovAA.Sprint4.Task3.V23.csproj", "{FDC2DBEA-CD4F-4400-B174-49010D713F99}"
EndProject
Project("{FAE04EC0-301F-11D3-BF4B-00C04F79EFBC}") = "Tyuiu.KomkovAA.Sprint4.Task3.V23.Lib", "Tyuiu.KomkovAA.Sprint4.Task3.V23.Lib\Tyuiu.KomkovAA.Sprint4.Task3.V23.Lib.csproj", "{95A147E3-39D9-498E-A11E-165794BE2275}"
EndProject
Project("{FAE04EC0-301F-11D3-BF4B-00C04F79EFBC}") = "Tyuiu.KomkovAA.Sprint4.Task3.V23.Test", "Tyuiu.KomkovAA.Sprint4.Task3.V23.Test\Tyuiu.KomkovAA.Sprint4.Task3.V23.Test.csproj", "{B3381BFB-1163-4385-8A7E-0DE09644C61B}"
EndProject
Project("{2150E333-8FDC-42A3-9474-1A3956D46DE8}") = "Task4", "Task4", "{DD5B0655-D968-4D68-AAB0-6CD9B017C200}"
EndProject
Project("{FAE04EC0-301F-11D3-BF4B-00C04F79EFBC}") = "Tyuiu.KomkovAA.Sprint4.Task4.V3", "Tyuiu.KomkovAA.Sprint4.Task4.V3\Tyuiu.KomkovAA.Sprint4.Task4.V3.csproj", "{39A77B17-7F5B-4CD0-8292-5B643056D138}"
EndProject
Project("{FAE04EC0-301F-11D3-BF4B-00C04F79EFBC}") = "Tyuiu.KomkovAA.Sprint4.Task4.V3.Lib", "Tyuiu.KomkovAA.Sprint4.Task4.V3.Lib\Tyuiu.KomkovAA.Sprint4.Task4.V3.Lib.csproj", "{8B4AFE9B-C705-462D-A2BC-AE3D9FB42668}"
EndProject
Project("{FAE04EC0-301F-11D3-BF4B-00C04F79EFBC}") = "Tyuiu.KomkovAA.Sprint4.Task4.V3.Test", "Tyuiu.KomkovAA.Sprint4.Task4.V3.Test\Tyuiu.KomkovAA.Sprint4.Task4.V3.Test.csproj", "{AE4451EC-A591-4C49-AE23-229A24C95639}"
EndProject
Global
	GlobalSection(SolutionConfigurationPlatforms) = preSolution
		Debug|Any CPU = Debug|Any CPU
		Release|Any CPU = Release|Any CPU
	EndGlobalSection
	GlobalSection(ProjectConfigurationPlatforms) = postSolution
		{E307DFA0-8DA5-4AD2-AD1D-3C78FFC148B3}.Debug|Any CPU.ActiveCfg = Debug|Any CPU
		{E307DFA0-8DA5-4AD2-AD1D-3C78FFC148B3}.Debug|Any CPU.Build.0 = Debug|Any CPU
		{E307DFA0-8DA5-4AD2-AD1D-3C78FFC148B3}.Release|Any CPU.ActiveCfg = Release|Any CPU
		{E307DFA0-8DA5-4AD2-AD1D-3C78FFC148B3}.Release|Any CPU.Build.0 = Release|Any CPU
		{3938525F-1BDD-4086-930F-9DEBD4FC810F}.Debug|Any CPU.ActiveCfg = Debug|Any CPU
		{3938525F-1BDD-4086-930F-9DEBD4FC810F}.Debug|Any CPU.Build.0 = Debug|Any CPU
		{3938525F-1BDD-4086-930F-9DEBD4FC810F}.Release|Any CPU.ActiveCfg = Release|Any CPU
		{3938525F-1BDD-4086-930F-9DEBD4FC810F}.Release|Any CPU.Build.0 = Release|Any CPU
		{913CAF14-6A60-4D08-8E3F-7175A62B45C8}.Debug|Any CPU.ActiveCfg = Debug|Any CPU
		{913CAF14-6A60-4D08-8E3F-7175A62B45C8}.Debug|Any CPU.Build.0 = Debug|Any CPU
		{913CAF14-6A60-4D08-8E3F-7175A62B45C8}.Release|Any CPU.ActiveCfg = Release|Any CPU
		{913CAF14-6A60-4D08-8E3F-7175A62B45C8}.Release|Any CPU.Build.0 = Release|Any CPU
		{BB935CA3-FE95-4590-96CA-D8DB6A5DFD3E}.Debug|Any CPU.ActiveCfg = Debug|Any CPU
		{BB935CA3-FE95-4590-96CA-D8DB6A5DFD3E}.Debug|Any CPU.Build.0 = Debug|Any CPU
		{BB935CA3-FE95-4590-96CA-D8DB6A5DFD3E}.Release|Any CPU.ActiveCfg = Release|Any CPU
		{BB935CA3-FE95-4590-96CA-D8DB6A5DFD3E}.Release|Any CPU.Build.0 = Release|Any CPU
		{CD28A037-81BF-4D7A-954E-2FB6151CAF17}.Debug|Any CPU.ActiveCfg = Debug|Any CPU
		{CD28A037-81BF-4D7A-954E-2FB6151CAF17}.Debug|Any CPU.Build.0 = Debug|Any CPU
		{CD28A037-81BF-4D7A-954E-2FB6151CAF17}.Release|Any CPU.ActiveCfg = Release|Any CPU
		{CD28A037-81BF-4D7A-954E-2FB6151CAF17}.Release|Any CPU.Build.0 = Release|Any CPU
		{FF8F8F84-5C31-4EBF-A546-F5C16B09BD49}.Debug|Any CPU.ActiveCfg = Debug|Any CPU
		{FF8F8F84-5C31-4EBF-A546-F5C16B09BD49}.Debug|Any CPU.Build.0 = Debug|Any CPU
		{FF8F8F84-5C31-4EBF-A546-F5C16B09BD49}.Release|Any CPU.ActiveCfg = Release|Any CPU
		{FF8F8F84-5C31-4EBF-A546-F5C16B09BD49}.Release|Any CPU.Build.0 = Release|Any CPU
		{C817326F-F3D0-42C0-B688-0970019C94C1}.Debug|Any CPU.ActiveCfg = Debug|Any CPU
		{C817326F-F3D0-42C0-B688-0970019C94C1}.Debug|Any CPU.Build.0 = Debug|Any CPU
		{C817326F-F3D0-42C0-B688-0970019C94C1}.Release|Any CPU.ActiveCfg = Release|Any CPU
		{C817326F-F3D0-42C0-B688-0970019C94C1}.Release|Any CPU.Build.0 = Release|Any CPU
		{E97785E3-D464-409B-BFA3-7DBF3D979671}.Debug|Any CPU.ActiveCfg = Debug|Any CPU
		{E97785E3-D464-409B-BFA3-7DBF3D979671}.Debug|Any CPU.Build.0 = Debug|Any CPU
		{E97785E3-D464-409B-BFA3-7DBF3D979671}.Release|Any CPU.ActiveCfg = Release|Any CPU
		{E97785E3-D464-409B-BFA3-7DBF3D979671}.Release|Any CPU.Build.0 = Release|Any CPU
		{FFFF1655-1A9F-4210-A088-EF1FDF591B4B}.Debug|Any CPU.ActiveCfg = Debug|Any CPU
		{FFFF1655-1A9F-4210-A088-EF1FDF591B4B}.Debug|Any CPU.Build.0 = Debug|Any CPU
		{FFFF1655-1A9F-4210-A088-EF1FDF591B4B}.Release|Any CPU.ActiveCfg = Release|Any CPU
		{FFFF1655-1A9F-4210-A088-EF1FDF591B4B}.Release|Any CPU.Build.0 = Release|Any CPU
		{FDC2DBEA-CD4F-4400-B174-49010D713F99}.Debug|Any CPU.ActiveCfg = Debug|Any CPU
		{FDC2DBEA-CD4F-4400-B174-49010D713F99}.Debug|Any CPU.Build.0 = Debug|Any CPU
		{FDC2DBEA-CD4F-4400-B174-49010D713F99}.Release|Any CPU.ActiveCfg = Release|Any CPU
		{FDC2DBEA-CD4F-4400-B174-49010D713F99}.Release|Any CPU.Build.0 = Release|Any CPU
		{95A147E3-39D9-498E-A11E-165794BE2275}.Debug|Any CPU.ActiveCfg = Debug|Any CPU
		{95A147E3-39D9-498E-A11E-165794BE2275}.Debug|Any CPU.Build.0 = Debug|Any CPU
		{95A147E3-39D9-498E-A11E-165794BE2275}.Release|Any CPU.ActiveCfg = Release|Any CPU
		{95A147E3-39D9-498E-A11E-165794BE2275}.Release|Any CPU.Build.0 = Release|Any CPU
		{B3381BFB-1163-4385-8A7E-0DE09644C61B}.Debug|Any CPU.ActiveCfg = Debug|Any CPU
		{B3381BFB-1163-4385-8A7E-0DE09644C61B}.Debug|Any CPU.Build.0 = Debug|Any CPU
		{B3381BFB-1163-4385-8A7E-0DE09644C61B}.Release|Any CPU.ActiveCfg = Release|Any CPU
		{B3381BFB-1163-4385-8A7E-0DE09644C61B}.Release|Any CPU.Build.0 = Release|Any CPU
		{39A77B17-7F5B-4CD0-8292-5B643056D138}.Debug|Any CPU.ActiveCfg = Debug|Any CPU
		{39A77B17-7F5B-4CD0-8292-5B643056D138}.Debug|Any CPU.Build.0 = Debug|Any CPU
		{39A77B17-7F5B-4CD0-8292-5B643056D138}.Release|Any CPU.ActiveCfg = Release|Any CPU
		{39A77B17-7F5B-4CD0-8292-5B643056D138}.Release|Any CPU.Build.0 = Release|Any CPU
		{8B4AFE9B-C705-462D-A2BC-AE3D9FB42668}.Debug|Any CPU.ActiveCfg = Debug|Any CPU
		{8B4AFE9B-C705-462D-A2BC-AE3D9FB42668}.Debug|Any CPU.Build.0 = Debug|Any CPU
		{8B4AFE9B-C705-462D-A2BC-AE3D9FB42668}.Release|Any CPU.ActiveCfg = Release|Any CPU
		{8B4AFE9B-C705-462D-A2BC-AE3D9FB42668}.Release|Any CPU.Build.0 = Release|Any CPU
		{AE4451EC-A591-4C49-AE23-229A24C95639}.Debug|Any CPU.ActiveCfg = Debug|Any CPU
		{AE4451EC-A591-4C49-AE23-229A24C95639}.Debug|Any CPU.Build.0 = Debug|Any CPU
		{AE4451EC-A591-4C49-AE23-229A24C95639}.Release|Any CPU.ActiveCfg = Release|Any CPU
		{AE4451EC-A591-4C49-AE23-229A24C95639}.Release|Any CPU.Build.0 = Release|Any CPU
	EndGlobalSection
	GlobalSection(SolutionProperties) = preSolution
		HideSolutionNode = FALSE
	EndGlobalSection
	GlobalSection(NestedProjects) = preSolution
		{E307DFA0-8DA5-4AD2-AD1D-3C78FFC148B3} = {02EA681E-C7D8-13C7-8484-4AC65E1B71E8}
		{3938525F-1BDD-4086-930F-9DEBD4FC810F} = {02EA681E-C7D8-13C7-8484-4AC65E1B71E8}
		{913CAF14-6A60-4D08-8E3F-7175A62B45C8} = {02EA681E-C7D8-13C7-8484-4AC65E1B71E8}
		{BB935CA3-FE95-4590-96CA-D8DB6A5DFD3E} = {A778C470-893B-48C8-B974-75A69995F772}
		{CD28A037-81BF-4D7A-954E-2FB6151CAF17} = {A778C470-893B-48C8-B974-75A69995F772}
		{FF8F8F84-5C31-4EBF-A546-F5C16B09BD49} = {A778C470-893B-48C8-B974-75A69995F772}
		{C817326F-F3D0-42C0-B688-0970019C94C1} = {F49A00D2-9DC0-4401-B2A7-D8CDC040E9C1}
		{E97785E3-D464-409B-BFA3-7DBF3D979671} = {F49A00D2-9DC0-4401-B2A7-D8CDC040E9C1}
		{FFFF1655-1A9F-4210-A088-EF1FDF591B4B} = {F49A00D2-9DC0-4401-B2A7-D8CDC040E9C1}
		{FDC2DBEA-CD4F-4400-B174-49010D713F99} = {61D528BD-9345-4385-8ECF-9D9896B0411B}
		{95A147E3-39D9-498E-A11E-165794BE2275} = {61D528BD-9345-4385-8ECF-9D9896B0411B}
		{B3381BFB-1163-4385-8A7E-0DE09644C61B} = {61D528BD-9345-4385-8ECF-9D9896B0411B}
		{39A77B17-7F5B-4CD0-8292-5B643056D138} = {DD5B0655-D968-4D68-AAB0-6CD9B017C200}
		{8B4AFE9B-C705-462D-A2BC-AE3D9FB42668} = {DD5B0655-D968-4D68-AAB0-6CD9B017C200}
		{AE4451EC-A591-4C49-AE23-229A24C95639} = {DD5B0655-D968-4D68-AAB0-6CD9B017C200}
	EndGlobalSection
	GlobalSection(ExtensibilityGlobals) = postSolution
		SolutionGuid = {801BC55D-0010-4154-A8B5-7B17CCA18A94}
	EndGlobalSection
EndGlobal
