
Microsoft Visual Studio Solution File, Format Version 12.00
# Visual Studio Version 17
VisualStudioVersion = 17.14.36414.22 d17.14
MinimumVisualStudioVersion = 10.0.40219.1
Project("{2150E333-8FDC-42A3-9474-1A3956D46DE8}") = "Task0", "Task0", "{02EA681E-C7D8-13C7-8484-4AC65E1B71E8}"
EndProject
Project("{FAE04EC0-301F-11D3-BF4B-00C04F79EFBC}") = "Tyuiu.KomkovAA.Sprint4.Task0.V30", "Tyuiu.KomkovAA.Sprint4.Task0.V30\Tyuiu.KomkovAA.Sprint4.Task0.V30.csproj", "{E307DFA0-8DA5-4AD2-AD1D-3C78FFC148B3}"
EndProject
Project("{FAE04EC0-301F-11D3-BF4B-00C04F79EFBC}") = "Tyuiu.KomkovAA.Sprint4.Task0.V30.Lib", "Tyuiu.KomkovAA.Sprint4.Task0.V30.Lib\Tyuiu.KomkovAA.Sprint4.Task0.V30.Lib.csproj", "{3938525F-1BDD-4086-930F-9DEBD4FC810F}"
EndProject
Project("{FAE04EC0-301F-11D3-BF4B-00C04F79EFBC}") = "Tyuiu.KomkovAA.Sprint4.Task0.V30.Test", "Tyuiu.KomkovAA.Sprint4.Task0.V30.Test\Tyuiu.KomkovAA.Sprint4.Task0.V30.Test.csproj", "{913CAF14-6A60-4D08-8E3F-7175A62B45C8}"
EndProject
Project("{2150E333-8FDC-42A3-9474-1A3956D46DE8}") = "Task1", "Task1", "{A778C470-893B-48C8-B974-75A69995F772}"
EndProject
Project("{FAE04EC0-301F-11D3-BF4B-00C04F79EFBC}") = "Tyuiu.KomkovAA.Sprint4.Task1.V19", "Tyuiu.KomkovAA.Sprint4.Task1.V19\Tyuiu.KomkovAA.Sprint4.Task1.V19.csproj", "{BB935CA3-FE95-4590-96CA-D8DB6A5DFD3E}"
EndProject
Project("{FAE04EC0-301F-11D3-BF4B-00C04F79EFBC}") = "Tyuiu.KomkovAA.Sprint4.Task1.V19.Lib", "Tyuiu.KomkovAA.Sprint4.Task1.V19.Lib\Tyuiu.KomkovAA.Sprint4.Task1.V19.Lib.csproj", "{CD28A037-81BF-4D7A-954E-2FB6151CAF17}"
EndProject
Project("{FAE04EC0-301F-11D3-BF4B-00C04F79EFBC}") = "Tyuiu.KomkovAA.Sprint4.Task1.V19.Test", "Tyuiu.KomkovAA.Sprint4.Task1.V19.Test\Tyuiu.KomkovAA.Sprint4.Task1.V19.Test.csproj", "{FF8F8F84-5C31-4EBF-A546-F5C16B09BD49}"
EndProject
Global
	GlobalSection(SolutionConfigurationPlatforms) = preSolution
		Debug|Any CPU = Debug|Any CPU
		Release|Any CPU = Release|Any CPU
	EndGlobalSection
	GlobalSection(ProjectConfigurationPlatforms) = postSolution
		{E307DFA0-8DA5-4AD2-AD1D-3C78FFC148B3}.Debug|Any CPU.ActiveCfg = Debug|Any CPU
		{E307DFA0-8DA5-4AD2-AD1D-3C78FFC148B3}.Debug|Any CPU.Build.0 = Debug|Any CPU
		{E307DFA0-8DA5-4AD2-AD1D-3C78FFC148B3}.Release|Any CPU.ActiveCfg = Release|Any CPU
		{E307DFA0-8DA5-4AD2-AD1D-3C78FFC148B3}.Release|Any CPU.Build.0 = Release|Any CPU
		{3938525F-1BDD-4086-930F-9DEBD4FC810F}.Debug|Any CPU.ActiveCfg = Debug|Any CPU
		{3938525F-1BDD-4086-930F-9DEBD4FC810F}.Debug|Any CPU.Build.0 = Debug|Any CPU
		{3938525F-1BDD-4086-930F-9DEBD4FC810F}.Release|Any CPU.ActiveCfg = Release|Any CPU
		{3938525F-1BDD-4086-930F-9DEBD4FC810F}.Release|Any CPU.Build.0 = Release|Any CPU
		{913CAF14-6A60-4D08-8E3F-7175A62B45C8}.Debug|Any CPU.ActiveCfg = Debug|Any CPU
		{913CAF14-6A60-4D08-8E3F-7175A62B45C8}.Debug|Any CPU.Build.0 = Debug|Any CPU
		{913CAF14-6A60-4D08-8E3F-7175A62B45C8}.Release|Any CPU.ActiveCfg = Release|Any CPU
		{913CAF14-6A60-4D08-8E3F-7175A62B45C8}.Release|Any CPU.Build.0 = Release|Any CPU
		{BB935CA3-FE95-4590-96CA-D8DB6A5DFD3E}.Debug|Any CPU.ActiveCfg = Debug|Any CPU
		{BB935CA3-FE95-4590-96CA-D8DB6A5DFD3E}.Debug|Any CPU.Build.0 = Debug|Any CPU
		{BB935CA3-FE95-4590-96CA-D8DB6A5DFD3E}.Release|Any CPU.ActiveCfg = Release|Any CPU
		{BB935CA3-FE95-4590-96CA-D8DB6A5DFD3E}.Release|Any CPU.Build.0 = Release|Any CPU
		{CD28A037-81BF-4D7A-954E-2FB6151CAF17}.Debug|Any CPU.ActiveCfg = Debug|Any CPU
		{CD28A037-81BF-4D7A-954E-2FB6151CAF17}.Debug|Any CPU.Build.0 = Debug|Any CPU
		{CD28A037-81BF-4D7A-954E-2FB6151CAF17}.Release|Any CPU.ActiveCfg = Release|Any CPU
		{CD28A037-81BF-4D7A-954E-2FB6151CAF17}.Release|Any CPU.Build.0 = Release|Any CPU
		{FF8F8F84-5C31-4EBF-A546-F5C16B09BD49}.Debug|Any CPU.ActiveCfg = Debug|Any CPU
		{FF8F8F84-5C31-4EBF-A546-F5C16B09BD49}.Debug|Any CPU.Build.0 = Debug|Any CPU
		{FF8F8F84-5C31-4EBF-A546-F5C16B09BD49}.Release|Any CPU.ActiveCfg = Release|Any CPU
		{FF8F8F84-5C31-4EBF-A546-F5C16B09BD49}.Release|Any CPU.Build.0 = Release|Any CPU
	EndGlobalSection
	GlobalSection(SolutionProperties) = preSolution
		HideSolutionNode = FALSE
	EndGlobalSection
	GlobalSection(NestedProjects) = preSolution
		{E307DFA0-8DA5-4AD2-AD1D-3C78FFC148B3} = {02EA681E-C7D8-13C7-8484-4AC65E1B71E8}
		{3938525F-1BDD-4086-930F-9DEBD4FC810F} = {02EA681E-C7D8-13C7-8484-4AC65E1B71E8}
		{913CAF14-6A60-4D08-8E3F-7175A62B45C8} = {02EA681E-C7D8-13C7-8484-4AC65E1B71E8}
		{BB935CA3-FE95-4590-96CA-D8DB6A5DFD3E} = {A778C470-893B-48C8-B974-75A69995F772}
		{CD28A037-81BF-4D7A-954E-2FB6151CAF17} = {A778C470-893B-48C8-B974-75A69995F772}
		{FF8F8F84-5C31-4EBF-A546-F5C16B09BD49} = {A778C470-893B-48C8-B974-75A69995F772}
	EndGlobalSection
	GlobalSection(ExtensibilityGlobals) = postSolution
		SolutionGuid = {801BC55D-0010-4154-A8B5-7B17CCA18A94}
	EndGlobalSection
EndGlobal
